
Microsoft Visual Studio Solution File, Format Version 12.00
# Visual Studio 2013
VisualStudioVersion = 12.0.31101.0
MinimumVisualStudioVersion = 10.0.40219.1
Project("{2150E333-8FDC-42A3-9474-1A3956D46DE8}") = ".nuget", ".nuget", "{AF4C0737-C101-4508-992D-151BFA5127A5}"
	ProjectSection(SolutionItems) = preProject
		.nuget\NuGet.Config = .nuget\NuGet.Config
		.nuget\NuGet.exe = .nuget\NuGet.exe
		.nuget\NuGet.targets = .nuget\NuGet.targets
	EndProjectSection
EndProject
Project("{2150E333-8FDC-42A3-9474-1A3956D46DE8}") = "Domain", "Domain", "{73BA1B35-3725-496B-AA46-224BEC03926D}"
EndProject
Project("{2150E333-8FDC-42A3-9474-1A3956D46DE8}") = "Services", "Services", "{43FCECE8-A421-4633-8202-B9776C38DF23}"
EndProject
Project("{2150E333-8FDC-42A3-9474-1A3956D46DE8}") = "Data", "Data", "{85C026D2-4FE7-493C-9575-F63C97C36D95}"
EndProject
Project("{2150E333-8FDC-42A3-9474-1A3956D46DE8}") = "Tests", "Tests", "{FE89A3EE-B59B-4AE3-99F2-3D60428984B9}"
EndProject
Project("{2150E333-8FDC-42A3-9474-1A3956D46DE8}") = "UIs", "UIs", "{D4B0CD96-10B9-4A50-86F0-0FC96B1C5364}"
EndProject
Project("{FAE04EC0-301F-11D3-BF4B-00C04F79EFBC}") = "xStudio.UnitTests", "Tests\xStudio.UnitTests\xStudio.UnitTests.csproj", "{2EEDB4DA-037F-4EE5-A37E-DA9144263584}"
EndProject
Project("{FAE04EC0-301F-11D3-BF4B-00C04F79EFBC}") = "xStudio.Domain", "Domain\xStudio.Domain\xStudio.Domain.csproj", "{5E210BEC-E199-427D-A0E9-30C3356E217A}"
EndProject
Project("{FAE04EC0-301F-11D3-BF4B-00C04F79EFBC}") = "xStudio.Data", "Data\xStudio.Data\xStudio.Data.csproj", "{4A165788-1920-4E79-9970-99F3240092CD}"
EndProject
Project("{FAE04EC0-301F-11D3-BF4B-00C04F79EFBC}") = "xStudio.Seeds", "Data\xStudio.Seeds\xStudio.Seeds.csproj", "{B9CA6C5C-69F1-4C20-B88C-0562D44632C2}"
EndProject
Project("{FAE04EC0-301F-11D3-BF4B-00C04F79EFBC}") = "xStudio.Services", "Services\xStudio.Services\xStudio.Services.csproj", "{41E647C5-0CE8-4A52-8C3B-E772B4FC0E29}"
EndProject
Project("{FAE04EC0-301F-11D3-BF4B-00C04F79EFBC}") = "xStudio.Reports", "Services\xStudio.Reports\xStudio.Reports.csproj", "{C2DF4677-F245-4B82-AF1C-C677498FB24B}"
EndProject
Project("{FAE04EC0-301F-11D3-BF4B-00C04F79EFBC}") = "xStudio.Web", "UIs\xStudio.Web\xStudio.Web.csproj", "{91169E63-7A27-4A75-9229-AA6F2EB4200B}"
EndProject
Project("{2150E333-8FDC-42A3-9474-1A3956D46DE8}") = "Common", "Common", "{64D1BD3E-6B96-4405-BF2B-D61B8E49AAB9}"
EndProject
Project("{FAE04EC0-301F-11D3-BF4B-00C04F79EFBC}") = "xStudio.Common", "Common\xStudio.Common\xStudio.Common.csproj", "{0E80B055-8126-41E2-8D7E-2DB9E9640330}"
EndProject
Project("{FAE04EC0-301F-11D3-BF4B-00C04F79EFBC}") = "xStudio.UITests", "Tests\xStudio.UITests\xStudio.UITests.csproj", "{C94E90A5-7B70-4971-9AA8-34E6658D1049}"
EndProject
Project("{FAE04EC0-301F-11D3-BF4B-00C04F79EFBC}") = "xStudio.SpecTests", "Tests\xStudio.SpecTests\xStudio.SpecTests.csproj", "{688D96DA-E8C6-4108-AE2F-53B132BC3968}"
EndProject
Project("{FAE04EC0-301F-11D3-BF4B-00C04F79EFBC}") = "xStudio.IntegrationTests", "Tests\xStudio.IntegrationTests\xStudio.IntegrationTests.csproj", "{F52DCF54-341A-469E-8F82-97813C9AA54E}"
EndProject
Project("{FAE04EC0-301F-11D3-BF4B-00C04F79EFBC}") = "xStudio.MigrationTests", "Tests\xStudio.MigrationTests\xStudio.MigrationTests.csproj", "{EE052C03-EB03-44EF-BF9B-5510082D0F85}"
EndProject
Global
	GlobalSection(SolutionConfigurationPlatforms) = preSolution
		Debug|Any CPU = Debug|Any CPU
		Release|Any CPU = Release|Any CPU
	EndGlobalSection
	GlobalSection(ProjectConfigurationPlatforms) = postSolution
		{2EEDB4DA-037F-4EE5-A37E-DA9144263584}.Debug|Any CPU.ActiveCfg = Debug|Any CPU
		{2EEDB4DA-037F-4EE5-A37E-DA9144263584}.Debug|Any CPU.Build.0 = Debug|Any CPU
		{2EEDB4DA-037F-4EE5-A37E-DA9144263584}.Release|Any CPU.ActiveCfg = Release|Any CPU
		{2EEDB4DA-037F-4EE5-A37E-DA9144263584}.Release|Any CPU.Build.0 = Release|Any CPU
		{5E210BEC-E199-427D-A0E9-30C3356E217A}.Debug|Any CPU.ActiveCfg = Debug|Any CPU
		{5E210BEC-E199-427D-A0E9-30C3356E217A}.Debug|Any CPU.Build.0 = Debug|Any CPU
		{5E210BEC-E199-427D-A0E9-30C3356E217A}.Release|Any CPU.ActiveCfg = Release|Any CPU
		{5E210BEC-E199-427D-A0E9-30C3356E217A}.Release|Any CPU.Build.0 = Release|Any CPU
		{4A165788-1920-4E79-9970-99F3240092CD}.Debug|Any CPU.ActiveCfg = Debug|Any CPU
		{4A165788-1920-4E79-9970-99F3240092CD}.Debug|Any CPU.Build.0 = Debug|Any CPU
		{4A165788-1920-4E79-9970-99F3240092CD}.Release|Any CPU.ActiveCfg = Release|Any CPU
		{4A165788-1920-4E79-9970-99F3240092CD}.Release|Any CPU.Build.0 = Release|Any CPU
		{B9CA6C5C-69F1-4C20-B88C-0562D44632C2}.Debug|Any CPU.ActiveCfg = Debug|Any CPU
		{B9CA6C5C-69F1-4C20-B88C-0562D44632C2}.Debug|Any CPU.Build.0 = Debug|Any CPU
		{B9CA6C5C-69F1-4C20-B88C-0562D44632C2}.Release|Any CPU.ActiveCfg = Release|Any CPU
		{B9CA6C5C-69F1-4C20-B88C-0562D44632C2}.Release|Any CPU.Build.0 = Release|Any CPU
		{41E647C5-0CE8-4A52-8C3B-E772B4FC0E29}.Debug|Any CPU.ActiveCfg = Debug|Any CPU
		{41E647C5-0CE8-4A52-8C3B-E772B4FC0E29}.Debug|Any CPU.Build.0 = Debug|Any CPU
		{41E647C5-0CE8-4A52-8C3B-E772B4FC0E29}.Release|Any CPU.ActiveCfg = Release|Any CPU
		{41E647C5-0CE8-4A52-8C3B-E772B4FC0E29}.Release|Any CPU.Build.0 = Release|Any CPU
		{C2DF4677-F245-4B82-AF1C-C677498FB24B}.Debug|Any CPU.ActiveCfg = Debug|Any CPU
		{C2DF4677-F245-4B82-AF1C-C677498FB24B}.Debug|Any CPU.Build.0 = Debug|Any CPU
		{C2DF4677-F245-4B82-AF1C-C677498FB24B}.Release|Any CPU.ActiveCfg = Release|Any CPU
		{C2DF4677-F245-4B82-AF1C-C677498FB24B}.Release|Any CPU.Build.0 = Release|Any CPU
		{91169E63-7A27-4A75-9229-AA6F2EB4200B}.Debug|Any CPU.ActiveCfg = Debug|Any CPU
		{91169E63-7A27-4A75-9229-AA6F2EB4200B}.Debug|Any CPU.Build.0 = Debug|Any CPU
		{91169E63-7A27-4A75-9229-AA6F2EB4200B}.Release|Any CPU.ActiveCfg = Release|Any CPU
		{91169E63-7A27-4A75-9229-AA6F2EB4200B}.Release|Any CPU.Build.0 = Release|Any CPU
		{0E80B055-8126-41E2-8D7E-2DB9E9640330}.Debug|Any CPU.ActiveCfg = Debug|Any CPU
		{0E80B055-8126-41E2-8D7E-2DB9E9640330}.Debug|Any CPU.Build.0 = Debug|Any CPU
		{0E80B055-8126-41E2-8D7E-2DB9E9640330}.Release|Any CPU.ActiveCfg = Release|Any CPU
		{0E80B055-8126-41E2-8D7E-2DB9E9640330}.Release|Any CPU.Build.0 = Release|Any CPU
		{C94E90A5-7B70-4971-9AA8-34E6658D1049}.Debug|Any CPU.ActiveCfg = Debug|Any CPU
		{C94E90A5-7B70-4971-9AA8-34E6658D1049}.Debug|Any CPU.Build.0 = Debug|Any CPU
		{C94E90A5-7B70-4971-9AA8-34E6658D1049}.Release|Any CPU.ActiveCfg = Release|Any CPU
		{C94E90A5-7B70-4971-9AA8-34E6658D1049}.Release|Any CPU.Build.0 = Release|Any CPU
		{688D96DA-E8C6-4108-AE2F-53B132BC3968}.Debug|Any CPU.ActiveCfg = Debug|Any CPU
		{688D96DA-E8C6-4108-AE2F-53B132BC3968}.Debug|Any CPU.Build.0 = Debug|Any CPU
		{688D96DA-E8C6-4108-AE2F-53B132BC3968}.Release|Any CPU.ActiveCfg = Release|Any CPU
		{688D96DA-E8C6-4108-AE2F-53B132BC3968}.Release|Any CPU.Build.0 = Release|Any CPU
		{F52DCF54-341A-469E-8F82-97813C9AA54E}.Debug|Any CPU.ActiveCfg = Debug|Any CPU
		{F52DCF54-341A-469E-8F82-97813C9AA54E}.Debug|Any CPU.Build.0 = Debug|Any CPU
		{F52DCF54-341A-469E-8F82-97813C9AA54E}.Release|Any CPU.ActiveCfg = Release|Any CPU
		{F52DCF54-341A-469E-8F82-97813C9AA54E}.Release|Any CPU.Build.0 = Release|Any CPU
		{EE052C03-EB03-44EF-BF9B-5510082D0F85}.Debug|Any CPU.ActiveCfg = Debug|Any CPU
		{EE052C03-EB03-44EF-BF9B-5510082D0F85}.Debug|Any CPU.Build.0 = Debug|Any CPU
		{EE052C03-EB03-44EF-BF9B-5510082D0F85}.Release|Any CPU.ActiveCfg = Release|Any CPU
		{EE052C03-EB03-44EF-BF9B-5510082D0F85}.Release|Any CPU.Build.0 = Release|Any CPU
	EndGlobalSection
	GlobalSection(SolutionProperties) = preSolution
		HideSolutionNode = FALSE
	EndGlobalSection
	GlobalSection(NestedProjects) = preSolution
		{2EEDB4DA-037F-4EE5-A37E-DA9144263584} = {FE89A3EE-B59B-4AE3-99F2-3D60428984B9}
		{5E210BEC-E199-427D-A0E9-30C3356E217A} = {73BA1B35-3725-496B-AA46-224BEC03926D}
		{4A165788-1920-4E79-9970-99F3240092CD} = {85C026D2-4FE7-493C-9575-F63C97C36D95}
		{B9CA6C5C-69F1-4C20-B88C-0562D44632C2} = {85C026D2-4FE7-493C-9575-F63C97C36D95}
		{41E647C5-0CE8-4A52-8C3B-E772B4FC0E29} = {43FCECE8-A421-4633-8202-B9776C38DF23}
		{C2DF4677-F245-4B82-AF1C-C677498FB24B} = {43FCECE8-A421-4633-8202-B9776C38DF23}
		{91169E63-7A27-4A75-9229-AA6F2EB4200B} = {D4B0CD96-10B9-4A50-86F0-0FC96B1C5364}
		{0E80B055-8126-41E2-8D7E-2DB9E9640330} = {64D1BD3E-6B96-4405-BF2B-D61B8E49AAB9}
		{C94E90A5-7B70-4971-9AA8-34E6658D1049} = {FE89A3EE-B59B-4AE3-99F2-3D60428984B9}
		{688D96DA-E8C6-4108-AE2F-53B132BC3968} = {FE89A3EE-B59B-4AE3-99F2-3D60428984B9}
		{F52DCF54-341A-469E-8F82-97813C9AA54E} = {FE89A3EE-B59B-4AE3-99F2-3D60428984B9}
		{EE052C03-EB03-44EF-BF9B-5510082D0F85} = {FE89A3EE-B59B-4AE3-99F2-3D60428984B9}
	EndGlobalSection
EndGlobal
