
Microsoft Visual Studio Solution File, Format Version 12.00
# Visual Studio 2013
VisualStudioVersion = 12.0.31101.0
MinimumVisualStudioVersion = 10.0.40219.1
Project("{2150E333-8FDC-42A3-9474-1A3956D46DE8}") = ".nuget", ".nuget", "{AF4C0737-C101-4508-992D-151BFA5127A5}"
	ProjectSection(SolutionItems) = preProject
		.nuget\NuGet.Config = .nuget\NuGet.Config
		.nuget\NuGet.exe = .nuget\NuGet.exe
		.nuget\NuGet.targets = .nuget\NuGet.targets
	EndProjectSection
EndProject
Project("{2150E333-8FDC-42A3-9474-1A3956D46DE8}") = "Domain", "Domain", "{73BA1B35-3725-496B-AA46-224BEC03926D}"
EndProject
Project("{2150E333-8FDC-42A3-9474-1A3956D46DE8}") = "Services", "Services", "{43FCECE8-A421-4633-8202-B9776C38DF23}"
EndProject
Project("{2150E333-8FDC-42A3-9474-1A3956D46DE8}") = "Data", "Data", "{85C026D2-4FE7-493C-9575-F63C97C36D95}"
EndProject
Project("{2150E333-8FDC-42A3-9474-1A3956D46DE8}") = "Tests", "Tests", "{FE89A3EE-B59B-4AE3-99F2-3D60428984B9}"
EndProject
Project("{2150E333-8FDC-42A3-9474-1A3956D46DE8}") = "UIs", "UIs", "{D4B0CD96-10B9-4A50-86F0-0FC96B1C5364}"
EndProject
Project("{FAE04EC0-301F-11D3-BF4B-00C04F79EFBC}") = "xStudio.UnitTests", "Tests\xStudio.UnitTests\xStudio.UnitTests.csproj", "{2EEDB4DA-037F-4EE5-A37E-DA9144263584}"
EndProject
Project("{FAE04EC0-301F-11D3-BF4B-00C04F79EFBC}") = "xStudio.Domain", "Domain\xStudio.Domain\xStudio.Domain.csproj", "{5E210BEC-E199-427D-A0E9-30C3356E217A}"
EndProject
Project("{FAE04EC0-301F-11D3-BF4B-00C04F79EFBC}") = "xStudio.Data", "Data\xStudio.Data\xStudio.Data.csproj", "{4A165788-1920-4E79-9970-99F3240092CD}"
EndProject
Project("{FAE04EC0-301F-11D3-BF4B-00C04F79EFBC}") = "xStudio.Seeds", "Data\xStudio.Seeds\xStudio.Seeds.csproj", "{B9CA6C5C-69F1-4C20-B88C-0562D44632C2}"
EndProject
Project("{FAE04EC0-301F-11D3-BF4B-00C04F79EFBC}") = "xStudio.Services", "Services\xStudio.Services\xStudio.Services.csproj", "{41E647C5-0CE8-4A52-8C3B-E772B4FC0E29}"
EndProject
Project("{FAE04EC0-301F-11D3-BF4B-00C04F79EFBC}") = "xStudio.Reports", "Services\xStudio.Reports\xStudio.Reports.csproj", "{C2DF4677-F245-4B82-AF1C-C677498FB24B}"
EndProject
Project("{FAE04EC0-301F-11D3-BF4B-00C04F79EFBC}") = "xStudio.Web", "UIs\xStudio.Web\xStudio.Web.csproj", "{B952BD89-165B-4C5E-ACB2-EE7C66AE0D18}"
EndProject
Global
	GlobalSection(SolutionConfigurationPlatforms) = preSolution
		Debug|Any CPU = Debug|Any CPU
		Release|Any CPU = Release|Any CPU
	EndGlobalSection
	GlobalSection(ProjectConfigurationPlatforms) = postSolution
		{2EEDB4DA-037F-4EE5-A37E-DA9144263584}.Debug|Any CPU.ActiveCfg = Debug|Any CPU
		{2EEDB4DA-037F-4EE5-A37E-DA9144263584}.Debug|Any CPU.Build.0 = Debug|Any CPU
		{2EEDB4DA-037F-4EE5-A37E-DA9144263584}.Release|Any CPU.ActiveCfg = Release|Any CPU
		{2EEDB4DA-037F-4EE5-A37E-DA9144263584}.Release|Any CPU.Build.0 = Release|Any CPU
		{5E210BEC-E199-427D-A0E9-30C3356E217A}.Debug|Any CPU.ActiveCfg = Debug|Any CPU
		{5E210BEC-E199-427D-A0E9-30C3356E217A}.Debug|Any CPU.Build.0 = Debug|Any CPU
		{5E210BEC-E199-427D-A0E9-30C3356E217A}.Release|Any CPU.ActiveCfg = Release|Any CPU
		{5E210BEC-E199-427D-A0E9-30C3356E217A}.Release|Any CPU.Build.0 = Release|Any CPU
		{4A165788-1920-4E79-9970-99F3240092CD}.Debug|Any CPU.ActiveCfg = Debug|Any CPU
		{4A165788-1920-4E79-9970-99F3240092CD}.Debug|Any CPU.Build.0 = Debug|Any CPU
		{4A165788-1920-4E79-9970-99F3240092CD}.Release|Any CPU.ActiveCfg = Release|Any CPU
		{4A165788-1920-4E79-9970-99F3240092CD}.Release|Any CPU.Build.0 = Release|Any CPU
		{B9CA6C5C-69F1-4C20-B88C-0562D44632C2}.Debug|Any CPU.ActiveCfg = Debug|Any CPU
		{B9CA6C5C-69F1-4C20-B88C-0562D44632C2}.Debug|Any CPU.Build.0 = Debug|Any CPU
		{B9CA6C5C-69F1-4C20-B88C-0562D44632C2}.Release|Any CPU.ActiveCfg = Release|Any CPU
		{B9CA6C5C-69F1-4C20-B88C-0562D44632C2}.Release|Any CPU.Build.0 = Release|Any CPU
		{41E647C5-0CE8-4A52-8C3B-E772B4FC0E29}.Debug|Any CPU.ActiveCfg = Debug|Any CPU
		{41E647C5-0CE8-4A52-8C3B-E772B4FC0E29}.Debug|Any CPU.Build.0 = Debug|Any CPU
		{41E647C5-0CE8-4A52-8C3B-E772B4FC0E29}.Release|Any CPU.ActiveCfg = Release|Any CPU
		{41E647C5-0CE8-4A52-8C3B-E772B4FC0E29}.Release|Any CPU.Build.0 = Release|Any CPU
		{C2DF4677-F245-4B82-AF1C-C677498FB24B}.Debug|Any CPU.ActiveCfg = Debug|Any CPU
		{C2DF4677-F245-4B82-AF1C-C677498FB24B}.Debug|Any CPU.Build.0 = Debug|Any CPU
		{C2DF4677-F245-4B82-AF1C-C677498FB24B}.Release|Any CPU.ActiveCfg = Release|Any CPU
		{C2DF4677-F245-4B82-AF1C-C677498FB24B}.Release|Any CPU.Build.0 = Release|Any CPU
		{B952BD89-165B-4C5E-ACB2-EE7C66AE0D18}.Debug|Any CPU.ActiveCfg = Debug|Any CPU
		{B952BD89-165B-4C5E-ACB2-EE7C66AE0D18}.Debug|Any CPU.Build.0 = Debug|Any CPU
		{B952BD89-165B-4C5E-ACB2-EE7C66AE0D18}.Release|Any CPU.ActiveCfg = Release|Any CPU
		{B952BD89-165B-4C5E-ACB2-EE7C66AE0D18}.Release|Any CPU.Build.0 = Release|Any CPU
	EndGlobalSection
	GlobalSection(SolutionProperties) = preSolution
		HideSolutionNode = FALSE
	EndGlobalSection
	GlobalSection(NestedProjects) = preSolution
		{2EEDB4DA-037F-4EE5-A37E-DA9144263584} = {FE89A3EE-B59B-4AE3-99F2-3D60428984B9}
		{5E210BEC-E199-427D-A0E9-30C3356E217A} = {73BA1B35-3725-496B-AA46-224BEC03926D}
		{4A165788-1920-4E79-9970-99F3240092CD} = {85C026D2-4FE7-493C-9575-F63C97C36D95}
		{B9CA6C5C-69F1-4C20-B88C-0562D44632C2} = {85C026D2-4FE7-493C-9575-F63C97C36D95}
		{41E647C5-0CE8-4A52-8C3B-E772B4FC0E29} = {43FCECE8-A421-4633-8202-B9776C38DF23}
		{C2DF4677-F245-4B82-AF1C-C677498FB24B} = {43FCECE8-A421-4633-8202-B9776C38DF23}
		{B952BD89-165B-4C5E-ACB2-EE7C66AE0D18} = {D4B0CD96-10B9-4A50-86F0-0FC96B1C5364}
	EndGlobalSection
EndGlobal
